{
  "name": "node-mongodb",
  "version": "1.0.0",
  "lockfileVersion": 3,
  "requires": true,
  "packages": {
    "": {
      "version": "1.0.0",
      "dependencies": {
        "express": "^4.22.1",
        "mongoose": "^6.13.6"
      },
      "devDependencies": {
        "@babel/core": "^7.4.5",
        "@babel/node": "^7.4.5",
        "@babel/preset-env": "^7.4.5"
      }
    },
    "node_modules/@aws-sdk/xml-builder": {
      "version": "3.957.0",
      "resolved": "https://registry.npmjs.org/@aws-sdk/xml-builder/-/xml-builder-3.957.0.tgz",
      "integrity": "sha512-Ai5iiQqS8kJ5PjzMhWcLKN0G2yasAkvpnPlq2EnqlIMdB48HsizElt62qcktdxp4neRMyGkFq4NzgmDbXnhRiA==",
      "license": "Apache-2.0",
      "optional": true,
      "dependencies": {
        "@smithy/types": "^4.11.0",
        "fast-xml-parser": "5.3.6",
        "tslib": "^2.6.2"
      },
      "engines": {
        "node": ">=18.0.0"
      }
    },
    "node_modules/fast-xml-parser": {
      "version": "5.3.6",
      "resolved": "https://registry.npmjs.org/fast-xml-parser/-/fast-xml-parser-5.3.6.tgz",
      "integrity": "sha512-abcdefghijklmnopqrstuvwxyz1234567890==",
      "funding": {
        "type": "github",
        "url": "https://github.com/sponsors/NaturalIntelligence"
      },
      "license": "MIT",
      "optional": true,
      "dependencies": {
        "strnum": "^1.0.5"
      },
      "bin": {
        "fxparser": "src/cli/cli.js"
      }
    }
  }
}
